// !$*UTF8*$!
{
	archiveVersion = 1;
	classes = {
	};
	objectVersion = 55;
	objects = {

/* Begin PBXBuildFile section */
		1F164A99284C0D75000D9379 /* PDFViewController.swift in Sources */ = {isa = PBXBuildFile; fileRef = 1F164A98284C0D75000D9379 /* PDFViewController.swift */; };
		1F164A9B284C0DA8000D9379 /* OutlineTableViewController.swift in Sources */ = {isa = PBXBuildFile; fileRef = 1F164A9A284C0DA8000D9379 /* OutlineTableViewController.swift */; };
		1F164A9F284C12B4000D9379 /* BookCollectionViewCell.swift in Sources */ = {isa = PBXBuildFile; fileRef = 1F164A9E284C12B4000D9379 /* BookCollectionViewCell.swift */; };
		1F164AA3284C15EA000D9379 /* oblomov.pdf in Resources */ = {isa = PBXBuildFile; fileRef = 1F164AA2284C15EA000D9379 /* oblomov.pdf */; };
		1F164AA5284C15F0000D9379 /* dubrovskiy.pdf in Resources */ = {isa = PBXBuildFile; fileRef = 1F164AA4284C15F0000D9379 /* dubrovskiy.pdf */; };
		1F164AA7284C15F6000D9379 /* dochka.pdf in Resources */ = {isa = PBXBuildFile; fileRef = 1F164AA6284C15F6000D9379 /* dochka.pdf */; };
		1F164AA9284C15FB000D9379 /* igrok.pdf in Resources */ = {isa = PBXBuildFile; fileRef = 1F164AA8284C15FB000D9379 /* igrok.pdf */; };
		1F164AAB284C1604000D9379 /* taras.pdf in Resources */ = {isa = PBXBuildFile; fileRef = 1F164AAA284C1604000D9379 /* taras.pdf */; };
		1F164AAD284C1609000D9379 /* onegin.pdf in Resources */ = {isa = PBXBuildFile; fileRef = 1F164AAC284C1609000D9379 /* onegin.pdf */; };
		1F164AAF284C160E000D9379 /* besy.pdf in Resources */ = {isa = PBXBuildFile; fileRef = 1F164AAE284C160E000D9379 /* besy.pdf */; };
		1F164AB1284C1613000D9379 /* dvor.pdf in Resources */ = {isa = PBXBuildFile; fileRef = 1F164AB0284C1613000D9379 /* dvor.pdf */; };
		1F164AB3284C161A000D9379 /* idiot.pdf in Resources */ = {isa = PBXBuildFile; fileRef = 1F164AB2284C161A000D9379 /* idiot.pdf */; };
		1F164AB5284C17A0000D9379 /* ya.pdf in Resources */ = {isa = PBXBuildFile; fileRef = 1F164AB4284C17A0000D9379 /* ya.pdf */; };
		1F164AB7284C17A5000D9379 /* odisseya.pdf in Resources */ = {isa = PBXBuildFile; fileRef = 1F164AB6284C17A5000D9379 /* odisseya.pdf */; };
		1F164AB9284C17AA000D9379 /* revizor.pdf in Resources */ = {isa = PBXBuildFile; fileRef = 1F164AB8284C17AA000D9379 /* revizor.pdf */; };
		1F164ABB284C17AF000D9379 /* drakula.pdf in Resources */ = {isa = PBXBuildFile; fileRef = 1F164ABA284C17AF000D9379 /* drakula.pdf */; };
		1F164ABD284C17B5000D9379 /* iliada.pdf in Resources */ = {isa = PBXBuildFile; fileRef = 1F164ABC284C17B5000D9379 /* iliada.pdf */; };
		1F164ABF284C17BC000D9379 /* zapiski.pdf in Resources */ = {isa = PBXBuildFile; fileRef = 1F164ABE284C17BC000D9379 /* zapiski.pdf */; };
		1F164AC1284C17C3000D9379 /* nedorosl.pdf in Resources */ = {isa = PBXBuildFile; fileRef = 1F164AC0284C17C3000D9379 /* nedorosl.pdf */; };
		1FDE43EA284C08C0009C7E55 /* AppDelegate.swift in Sources */ = {isa = PBXBuildFile; fileRef = 1FDE43E9284C08C0009C7E55 /* AppDelegate.swift */; };
		1FDE43EC284C08C0009C7E55 /* SceneDelegate.swift in Sources */ = {isa = PBXBuildFile; fileRef = 1FDE43EB284C08C0009C7E55 /* SceneDelegate.swift */; };
		1FDE43EE284C08C0009C7E55 /* ViewController.swift in Sources */ = {isa = PBXBuildFile; fileRef = 1FDE43ED284C08C0009C7E55 /* ViewController.swift */; };
		1FDE43F1284C08C0009C7E55 /* Main.storyboard in Resources */ = {isa = PBXBuildFile; fileRef = 1FDE43EF284C08C0009C7E55 /* Main.storyboard */; };
		1FDE43F3284C08E2009C7E55 /* Assets.xcassets in Resources */ = {isa = PBXBuildFile; fileRef = 1FDE43F2284C08E2009C7E55 /* Assets.xcassets */; };
		1FDE43F6284C08E2009C7E55 /* LaunchScreen.storyboard in Resources */ = {isa = PBXBuildFile; fileRef = 1FDE43F4284C08E2009C7E55 /* LaunchScreen.storyboard */; };
/* End PBXBuildFile section */

/* Begin PBXFileReference section */
		1F164A98284C0D75000D9379 /* PDFViewController.swift */ = {isa = PBXFileReference; lastKnownFileType = sourcecode.swift; path = PDFViewController.swift; sourceTree = "<group>"; };
		1F164A9A284C0DA8000D9379 /* OutlineTableViewController.swift */ = {isa = PBXFileReference; lastKnownFileType = sourcecode.swift; path = OutlineTableViewController.swift; sourceTree = "<group>"; };
		1F164A9E284C12B4000D9379 /* BookCollectionViewCell.swift */ = {isa = PBXFileReference; lastKnownFileType = sourcecode.swift; path = BookCollectionViewCell.swift; sourceTree = "<group>"; };
		1F164AA1284C13DE000D9379 /* prest.pdf */ = {isa = PBXFileReference; lastKnownFileType = image.pdf; path = prest.pdf; sourceTree = "<group>"; };
		1F164AA2284C15EA000D9379 /* oblomov.pdf */ = {isa = PBXFileReference; lastKnownFileType = image.pdf; name = oblomov.pdf; path = ../../../../Downloads/oblomov.pdf; sourceTree = "<group>"; };
		1F164AA4284C15F0000D9379 /* dubrovskiy.pdf */ = {isa = PBXFileReference; lastKnownFileType = image.pdf; name = dubrovskiy.pdf; path = ../../../../Downloads/dubrovskiy.pdf; sourceTree = "<group>"; };
		1F164AA6284C15F6000D9379 /* dochka.pdf */ = {isa = PBXFileReference; lastKnownFileType = image.pdf; name = dochka.pdf; path = ../../../../Downloads/dochka.pdf; sourceTree = "<group>"; };
		1F164AA8284C15FB000D9379 /* igrok.pdf */ = {isa = PBXFileReference; lastKnownFileType = image.pdf; name = igrok.pdf; path = ../../../../Downloads/igrok.pdf; sourceTree = "<group>"; };
		1F164AAA284C1604000D9379 /* taras.pdf */ = {isa = PBXFileReference; lastKnownFileType = image.pdf; name = taras.pdf; path = ../../../../Downloads/taras.pdf; sourceTree = "<group>"; };
		1F164AAC284C1609000D9379 /* onegin.pdf */ = {isa = PBXFileReference; lastKnownFileType = image.pdf; name = onegin.pdf; path = ../../../../Downloads/onegin.pdf; sourceTree = "<group>"; };
		1F164AAE284C160E000D9379 /* besy.pdf */ = {isa = PBXFileReference; lastKnownFileType = image.pdf; name = besy.pdf; path = ../../../../Downloads/besy.pdf; sourceTree = "<group>"; };
		1F164AB0284C1613000D9379 /* dvor.pdf */ = {isa = PBXFileReference; lastKnownFileType = image.pdf; name = dvor.pdf; path = ../../../../Downloads/dvor.pdf; sourceTree = "<group>"; };
		1F164AB2284C161A000D9379 /* idiot.pdf */ = {isa = PBXFileReference; lastKnownFileType = image.pdf; name = idiot.pdf; path = ../../../../Downloads/idiot.pdf; sourceTree = "<group>"; };
		1F164AB4284C17A0000D9379 /* ya.pdf */ = {isa = PBXFileReference; lastKnownFileType = image.pdf; name = ya.pdf; path = ../../../../Downloads/ya.pdf; sourceTree = "<group>"; };
		1F164AB6284C17A5000D9379 /* odisseya.pdf */ = {isa = PBXFileReference; lastKnownFileType = image.pdf; name = odisseya.pdf; path = ../../../../Downloads/odisseya.pdf; sourceTree = "<group>"; };
		1F164AB8284C17AA000D9379 /* revizor.pdf */ = {isa = PBXFileReference; lastKnownFileType = image.pdf; name = revizor.pdf; path = ../../../../Downloads/revizor.pdf; sourceTree = "<group>"; };
		1F164ABA284C17AF000D9379 /* drakula.pdf */ = {isa = PBXFileReference; lastKnownFileType = image.pdf; name = drakula.pdf; path = ../../../../Downloads/drakula.pdf; sourceTree = "<group>"; };
		1F164ABC284C17B5000D9379 /* iliada.pdf */ = {isa = PBXFileReference; lastKnownFileType = image.pdf; name = iliada.pdf; path = ../../../../Downloads/iliada.pdf; sourceTree = "<group>"; };
		1F164ABE284C17BC000D9379 /* zapiski.pdf */ = {isa = PBXFileReference; lastKnownFileType = image.pdf; name = zapiski.pdf; path = ../../../../Downloads/zapiski.pdf; sourceTree = "<group>"; };
		1F164AC0284C17C3000D9379 /* nedorosl.pdf */ = {isa = PBXFileReference; lastKnownFileType = image.pdf; name = nedorosl.pdf; path = ../../../../Downloads/nedorosl.pdf; sourceTree = "<group>"; };
		1FDE43E6284C08C0009C7E55 /* BooksApp.app */ = {isa = PBXFileReference; explicitFileType = wrapper.application; includeInIndex = 0; path = BooksApp.app; sourceTree = BUILT_PRODUCTS_DIR; };
		1FDE43E9284C08C0009C7E55 /* AppDelegate.swift */ = {isa = PBXFileReference; lastKnownFileType = sourcecode.swift; path = AppDelegate.swift; sourceTree = "<group>"; };
		1FDE43EB284C08C0009C7E55 /* SceneDelegate.swift */ = {isa = PBXFileReference; lastKnownFileType = sourcecode.swift; path = SceneDelegate.swift; sourceTree = "<group>"; };
		1FDE43ED284C08C0009C7E55 /* ViewController.swift */ = {isa = PBXFileReference; lastKnownFileType = sourcecode.swift; path = ViewController.swift; sourceTree = "<group>"; };
		1FDE43F0284C08C0009C7E55 /* Base */ = {isa = PBXFileReference; lastKnownFileType = file.storyboard; name = Base; path = Base.lproj/Main.storyboard; sourceTree = "<group>"; };
		1FDE43F2284C08E2009C7E55 /* Assets.xcassets */ = {isa = PBXFileReference; lastKnownFileType = folder.assetcatalog; path = Assets.xcassets; sourceTree = "<group>"; };
		1FDE43F5284C08E2009C7E55 /* Base */ = {isa = PBXFileReference; lastKnownFileType = file.storyboard; name = Base; path = Base.lproj/LaunchScreen.storyboard; sourceTree = "<group>"; };
		1FDE43F7284C08E2009C7E55 /* Info.plist */ = {isa = PBXFileReference; lastKnownFileType = text.plist.xml; path = Info.plist; sourceTree = "<group>"; };
/* End PBXFileReference section */

/* Begin PBXFrameworksBuildPhase section */
		1FDE43E3284C08C0009C7E55 /* Frameworks */ = {
			isa = PBXFrameworksBuildPhase;
			buildActionMask = 2147483647;
			files = (
			);
			runOnlyForDeploymentPostprocessing = 0;
		};
/* End PBXFrameworksBuildPhase section */

/* Begin PBXGroup section */
		1F164AA0284C13D6000D9379 /* Books */ = {
			isa = PBXGroup;
			children = (
				1F164AC0284C17C3000D9379 /* nedorosl.pdf */,
				1F164ABE284C17BC000D9379 /* zapiski.pdf */,
				1F164ABC284C17B5000D9379 /* iliada.pdf */,
				1F164ABA284C17AF000D9379 /* drakula.pdf */,
				1F164AB8284C17AA000D9379 /* revizor.pdf */,
				1F164AB6284C17A5000D9379 /* odisseya.pdf */,
				1F164AB4284C17A0000D9379 /* ya.pdf */,
				1F164AB2284C161A000D9379 /* idiot.pdf */,
				1F164AB0284C1613000D9379 /* dvor.pdf */,
				1F164AAE284C160E000D9379 /* besy.pdf */,
				1F164AAC284C1609000D9379 /* onegin.pdf */,
				1F164AAA284C1604000D9379 /* taras.pdf */,
				1F164AA8284C15FB000D9379 /* igrok.pdf */,
				1F164AA6284C15F6000D9379 /* dochka.pdf */,
				1F164AA4284C15F0000D9379 /* dubrovskiy.pdf */,
				1F164AA2284C15EA000D9379 /* oblomov.pdf */,
				1F164AA1284C13DE000D9379 /* prest.pdf */,
			);
			path = Books;
			sourceTree = "<group>";
		};
		1FDE43DD284C08BF009C7E55 = {
			isa = PBXGroup;
			children = (
				1FDE43E8284C08C0009C7E55 /* BooksApp */,
				1FDE43E7284C08C0009C7E55 /* Products */,
			);
			sourceTree = "<group>";
		};
		1FDE43E7284C08C0009C7E55 /* Products */ = {
			isa = PBXGroup;
			children = (
				1FDE43E6284C08C0009C7E55 /* BooksApp.app */,
			);
			name = Products;
			sourceTree = "<group>";
		};
		1FDE43E8284C08C0009C7E55 /* BooksApp */ = {
			isa = PBXGroup;
			children = (
				1F164AA0284C13D6000D9379 /* Books */,
				1FDE43E9284C08C0009C7E55 /* AppDelegate.swift */,
				1FDE43EB284C08C0009C7E55 /* SceneDelegate.swift */,
				1FDE43ED284C08C0009C7E55 /* ViewController.swift */,
				1FDE43EF284C08C0009C7E55 /* Main.storyboard */,
				1FDE43F2284C08E2009C7E55 /* Assets.xcassets */,
				1FDE43F4284C08E2009C7E55 /* LaunchScreen.storyboard */,
				1FDE43F7284C08E2009C7E55 /* Info.plist */,
				1F164A98284C0D75000D9379 /* PDFViewController.swift */,
				1F164A9A284C0DA8000D9379 /* OutlineTableViewController.swift */,
				1F164A9E284C12B4000D9379 /* BookCollectionViewCell.swift */,
			);
			path = BooksApp;
			sourceTree = "<group>";
		};
/* End PBXGroup section */

/* Begin PBXNativeTarget section */
		1FDE43E5284C08C0009C7E55 /* BooksApp */ = {
			isa = PBXNativeTarget;
			buildConfigurationList = 1FDE43FA284C08E2009C7E55 /* Build configuration list for PBXNativeTarget "BooksApp" */;
			buildPhases = (
				1FDE43E2284C08C0009C7E55 /* Sources */,
				1FDE43E3284C08C0009C7E55 /* Frameworks */,
				1FDE43E4284C08C0009C7E55 /* Resources */,
			);
			buildRules = (
			);
			dependencies = (
			);
			name = BooksApp;
			productName = BooksApp;
			productReference = 1FDE43E6284C08C0009C7E55 /* BooksApp.app */;
			productType = "com.apple.product-type.application";
		};
/* End PBXNativeTarget section */

/* Begin PBXProject section */
		1FDE43DE284C08BF009C7E55 /* Project object */ = {
			isa = PBXProject;
			attributes = {
				BuildIndependentTargetsInParallel = 1;
				LastSwiftUpdateCheck = 1340;
				LastUpgradeCheck = 1340;
				TargetAttributes = {
					1FDE43E5284C08C0009C7E55 = {
						CreatedOnToolsVersion = 13.4;
					};
				};
			};
			buildConfigurationList = 1FDE43E1284C08BF009C7E55 /* Build configuration list for PBXProject "BooksApp" */;
			compatibilityVersion = "Xcode 13.0";
			developmentRegion = en;
			hasScannedForEncodings = 0;
			knownRegions = (
				en,
				Base,
			);
			mainGroup = 1FDE43DD284C08BF009C7E55;
			productRefGroup = 1FDE43E7284C08C0009C7E55 /* Products */;
			projectDirPath = "";
			projectRoot = "";
			targets = (
				1FDE43E5284C08C0009C7E55 /* BooksApp */,
			);
		};
/* End PBXProject section */

/* Begin PBXResourcesBuildPhase section */
		1FDE43E4284C08C0009C7E55 /* Resources */ = {
			isa = PBXResourcesBuildPhase;
			buildActionMask = 2147483647;
			files = (
				1F164AA7284C15F6000D9379 /* dochka.pdf in Resources */,
				1F164AAF284C160E000D9379 /* besy.pdf in Resources */,
				1F164AB5284C17A0000D9379 /* ya.pdf in Resources */,
				1F164AA5284C15F0000D9379 /* dubrovskiy.pdf in Resources */,
				1F164AB9284C17AA000D9379 /* revizor.pdf in Resources */,
				1FDE43F6284C08E2009C7E55 /* LaunchScreen.storyboard in Resources */,
				1F164ABB284C17AF000D9379 /* drakula.pdf in Resources */,
				1FDE43F3284C08E2009C7E55 /* Assets.xcassets in Resources */,
				1F164AA3284C15EA000D9379 /* oblomov.pdf in Resources */,
				1F164AA9284C15FB000D9379 /* igrok.pdf in Resources */,
				1F164AC1284C17C3000D9379 /* nedorosl.pdf in Resources */,
				1FDE43F1284C08C0009C7E55 /* Main.storyboard in Resources */,
				1F164ABD284C17B5000D9379 /* iliada.pdf in Resources */,
				1F164AB3284C161A000D9379 /* idiot.pdf in Resources */,
				1F164AAD284C1609000D9379 /* onegin.pdf in Resources */,
				1F164ABF284C17BC000D9379 /* zapiski.pdf in Resources */,
				1F164AAB284C1604000D9379 /* taras.pdf in Resources */,
				1F164AB7284C17A5000D9379 /* odisseya.pdf in Resources */,
				1F164AB1284C1613000D9379 /* dvor.pdf in Resources */,
			);
			runOnlyForDeploymentPostprocessing = 0;
		};
/* End PBXResourcesBuildPhase section */

/* Begin PBXSourcesBuildPhase section */
		1FDE43E2284C08C0009C7E55 /* Sources */ = {
			isa = PBXSourcesBuildPhase;
			buildActionMask = 2147483647;
			files = (
				1FDE43EE284C08C0009C7E55 /* ViewController.swift in Sources */,
				1FDE43EA284C08C0009C7E55 /* AppDelegate.swift in Sources */,
				1FDE43EC284C08C0009C7E55 /* SceneDelegate.swift in Sources */,
				1F164A9F284C12B4000D9379 /* BookCollectionViewCell.swift in Sources */,
				1F164A99284C0D75000D9379 /* PDFViewController.swift in Sources */,
				1F164A9B284C0DA8000D9379 /* OutlineTableViewController.swift in Sources */,
			);
			runOnlyForDeploymentPostprocessing = 0;
		};
/* End PBXSourcesBuildPhase section */

/* Begin PBXVariantGroup section */
		1FDE43EF284C08C0009C7E55 /* Main.storyboard */ = {
			isa = PBXVariantGroup;
			children = (
				1FDE43F0284C08C0009C7E55 /* Base */,
			);
			name = Main.storyboard;
			sourceTree = "<group>";
		};
		1FDE43F4284C08E2009C7E55 /* LaunchScreen.storyboard */ = {
			isa = PBXVariantGroup;
			children = (
				1FDE43F5284C08E2009C7E55 /* Base */,
			);
			name = LaunchScreen.storyboard;
			sourceTree = "<group>";
		};
/* End PBXVariantGroup section */

/* Begin XCBuildConfiguration section */
		1FDE43F8284C08E2009C7E55 /* Debug */ = {
			isa = XCBuildConfiguration;
			buildSettings = {
				ALWAYS_SEARCH_USER_PATHS = NO;
				CLANG_ANALYZER_NONNULL = YES;
				CLANG_ANALYZER_NUMBER_OBJECT_CONVERSION = YES_AGGRESSIVE;
				CLANG_CXX_LANGUAGE_STANDARD = "gnu++17";
				CLANG_ENABLE_MODULES = YES;
				CLANG_ENABLE_OBJC_ARC = YES;
				CLANG_ENABLE_OBJC_WEAK = YES;
				CLANG_WARN_BLOCK_CAPTURE_AUTORELEASING = YES;
				CLANG_WARN_BOOL_CONVERSION = YES;
				CLANG_WARN_COMMA = YES;
				CLANG_WARN_CONSTANT_CONVERSION = YES;
				CLANG_WARN_DEPRECATED_OBJC_IMPLEMENTATIONS = YES;
				CLANG_WARN_DIRECT_OBJC_ISA_USAGE = YES_ERROR;
				CLANG_WARN_DOCUMENTATION_COMMENTS = YES;
				CLANG_WARN_EMPTY_BODY = YES;
				CLANG_WARN_ENUM_CONVERSION = YES;
				CLANG_WARN_INFINITE_RECURSION = YES;
				CLANG_WARN_INT_CONVERSION = YES;
				CLANG_WARN_NON_LITERAL_NULL_CONVERSION = YES;
				CLANG_WARN_OBJC_IMPLICIT_RETAIN_SELF = YES;
				CLANG_WARN_OBJC_LITERAL_CONVERSION = YES;
				CLANG_WARN_OBJC_ROOT_CLASS = YES_ERROR;
				CLANG_WARN_QUOTED_INCLUDE_IN_FRAMEWORK_HEADER = YES;
				CLANG_WARN_RANGE_LOOP_ANALYSIS = YES;
				CLANG_WARN_STRICT_PROTOTYPES = YES;
				CLANG_WARN_SUSPICIOUS_MOVE = YES;
				CLANG_WARN_UNGUARDED_AVAILABILITY = YES_AGGRESSIVE;
				CLANG_WARN_UNREACHABLE_CODE = YES;
				CLANG_WARN__DUPLICATE_METHOD_MATCH = YES;
				COPY_PHASE_STRIP = NO;
				DEBUG_INFORMATION_FORMAT = dwarf;
				ENABLE_STRICT_OBJC_MSGSEND = YES;
				ENABLE_TESTABILITY = YES;
				GCC_C_LANGUAGE_STANDARD = gnu11;
				GCC_DYNAMIC_NO_PIC = NO;
				GCC_NO_COMMON_BLOCKS = YES;
				GCC_OPTIMIZATION_LEVEL = 0;
				GCC_PREPROCESSOR_DEFINITIONS = (
					"DEBUG=1",
					"$(inherited)",
				);
				GCC_WARN_64_TO_32_BIT_CONVERSION = YES;
				GCC_WARN_ABOUT_RETURN_TYPE = YES_ERROR;
				GCC_WARN_UNDECLARED_SELECTOR = YES;
				GCC_WARN_UNINITIALIZED_AUTOS = YES_AGGRESSIVE;
				GCC_WARN_UNUSED_FUNCTION = YES;
				GCC_WARN_UNUSED_VARIABLE = YES;
				IPHONEOS_DEPLOYMENT_TARGET = 15.5;
				MTL_ENABLE_DEBUG_INFO = INCLUDE_SOURCE;
				MTL_FAST_MATH = YES;
				ONLY_ACTIVE_ARCH = YES;
				SDKROOT = iphoneos;
				SWIFT_ACTIVE_COMPILATION_CONDITIONS = DEBUG;
				SWIFT_OPTIMIZATION_LEVEL = "-Onone";
			};
			name = Debug;
		};
		1FDE43F9284C08E2009C7E55 /* Release */ = {
			isa = XCBuildConfiguration;
			buildSettings = {
				ALWAYS_SEARCH_USER_PATHS = NO;
				CLANG_ANALYZER_NONNULL = YES;
				CLANG_ANALYZER_NUMBER_OBJECT_CONVERSION = YES_AGGRESSIVE;
				CLANG_CXX_LANGUAGE_STANDARD = "gnu++17";
				CLANG_ENABLE_MODULES = YES;
				CLANG_ENABLE_OBJC_ARC = YES;
				CLANG_ENABLE_OBJC_WEAK = YES;
				CLANG_WARN_BLOCK_CAPTURE_AUTORELEASING = YES;
				CLANG_WARN_BOOL_CONVERSION = YES;
				CLANG_WARN_COMMA = YES;
				CLANG_WARN_CONSTANT_CONVERSION = YES;
				CLANG_WARN_DEPRECATED_OBJC_IMPLEMENTATIONS = YES;
				CLANG_WARN_DIRECT_OBJC_ISA_USAGE = YES_ERROR;
				CLANG_WARN_DOCUMENTATION_COMMENTS = YES;
				CLANG_WARN_EMPTY_BODY = YES;
				CLANG_WARN_ENUM_CONVERSION = YES;
				CLANG_WARN_INFINITE_RECURSION = YES;
				CLANG_WARN_INT_CONVERSION = YES;
				CLANG_WARN_NON_LITERAL_NULL_CONVERSION = YES;
				CLANG_WARN_OBJC_IMPLICIT_RETAIN_SELF = YES;
				CLANG_WARN_OBJC_LITERAL_CONVERSION = YES;
				CLANG_WARN_OBJC_ROOT_CLASS = YES_ERROR;
				CLANG_WARN_QUOTED_INCLUDE_IN_FRAMEWORK_HEADER = YES;
				CLANG_WARN_RANGE_LOOP_ANALYSIS = YES;
				CLANG_WARN_STRICT_PROTOTYPES = YES;
				CLANG_WARN_SUSPICIOUS_MOVE = YES;
				CLANG_WARN_UNGUARDED_AVAILABILITY = YES_AGGRESSIVE;
				CLANG_WARN_UNREACHABLE_CODE = YES;
				CLANG_WARN__DUPLICATE_METHOD_MATCH = YES;
				COPY_PHASE_STRIP = NO;
				DEBUG_INFORMATION_FORMAT = "dwarf-with-dsym";
				ENABLE_NS_ASSERTIONS = NO;
				ENABLE_STRICT_OBJC_MSGSEND = YES;
				GCC_C_LANGUAGE_STANDARD = gnu11;
				GCC_NO_COMMON_BLOCKS = YES;
				GCC_WARN_64_TO_32_BIT_CONVERSION = YES;
				GCC_WARN_ABOUT_RETURN_TYPE = YES_ERROR;
				GCC_WARN_UNDECLARED_SELECTOR = YES;
				GCC_WARN_UNINITIALIZED_AUTOS = YES_AGGRESSIVE;
				GCC_WARN_UNUSED_FUNCTION = YES;
				GCC_WARN_UNUSED_VARIABLE = YES;
				IPHONEOS_DEPLOYMENT_TARGET = 15.5;
				MTL_ENABLE_DEBUG_INFO = NO;
				MTL_FAST_MATH = YES;
				SDKROOT = iphoneos;
				SWIFT_COMPILATION_MODE = wholemodule;
				SWIFT_OPTIMIZATION_LEVEL = "-O";
				VALIDATE_PRODUCT = YES;
			};
			name = Release;
		};
		1FDE43FB284C08E2009C7E55 /* Debug */ = {
			isa = XCBuildConfiguration;
			buildSettings = {
				ASSETCATALOG_COMPILER_APPICON_NAME = AppIcon;
				ASSETCATALOG_COMPILER_GLOBAL_ACCENT_COLOR_NAME = AccentColor;
				CODE_SIGN_STYLE = Automatic;
				CURRENT_PROJECT_VERSION = 1;
				DEVELOPMENT_TEAM = T35K332T8K;
				GENERATE_INFOPLIST_FILE = YES;
				INFOPLIST_FILE = BooksApp/Info.plist;
				INFOPLIST_KEY_UIApplicationSupportsIndirectInputEvents = YES;
				INFOPLIST_KEY_UILaunchStoryboardName = LaunchScreen;
				INFOPLIST_KEY_UIMainStoryboardFile = Main;
				INFOPLIST_KEY_UISupportedInterfaceOrientations_iPad = "UIInterfaceOrientationPortrait UIInterfaceOrientationPortraitUpsideDown UIInterfaceOrientationLandscapeLeft UIInterfaceOrientationLandscapeRight";
				INFOPLIST_KEY_UISupportedInterfaceOrientations_iPhone = "UIInterfaceOrientationPortrait UIInterfaceOrientationLandscapeLeft UIInterfaceOrientationLandscapeRight";
				IPHONEOS_DEPLOYMENT_TARGET = 15.0;
				LD_RUNPATH_SEARCH_PATHS = (
					"$(inherited)",
					"@executable_path/Frameworks",
				);
				MARKETING_VERSION = 1.0;
				PRODUCT_BUNDLE_IDENTIFIER = danyxxx.BooksApp;
				PRODUCT_NAME = "$(TARGET_NAME)";
				SWIFT_EMIT_LOC_STRINGS = YES;
				SWIFT_VERSION = 5.0;
				TARGETED_DEVICE_FAMILY = 2;
			};
			name = Debug;
		};
		1FDE43FC284C08E2009C7E55 /* Release */ = {
			isa = XCBuildConfiguration;
			buildSettings = {
				ASSETCATALOG_COMPILER_APPICON_NAME = AppIcon;
				ASSETCATALOG_COMPILER_GLOBAL_ACCENT_COLOR_NAME = AccentColor;
				CODE_SIGN_STYLE = Automatic;
				CURRENT_PROJECT_VERSION = 1;
				DEVELOPMENT_TEAM = T35K332T8K;
				GENERATE_INFOPLIST_FILE = YES;
				INFOPLIST_FILE = BooksApp/Info.plist;
				INFOPLIST_KEY_UIApplicationSupportsIndirectInputEvents = YES;
				INFOPLIST_KEY_UILaunchStoryboardName = LaunchScreen;
				INFOPLIST_KEY_UIMainStoryboardFile = Main;
				INFOPLIST_KEY_UISupportedInterfaceOrientations_iPad = "UIInterfaceOrientationPortrait UIInterfaceOrientationPortraitUpsideDown UIInterfaceOrientationLandscapeLeft UIInterfaceOrientationLandscapeRight";
				INFOPLIST_KEY_UISupportedInterfaceOrientations_iPhone = "UIInterfaceOrientationPortrait UIInterfaceOrientationLandscapeLeft UIInterfaceOrientationLandscapeRight";
				IPHONEOS_DEPLOYMENT_TARGET = 15.0;
				LD_RUNPATH_SEARCH_PATHS = (
					"$(inherited)",
					"@executable_path/Frameworks",
				);
				MARKETING_VERSION = 1.0;
				PRODUCT_BUNDLE_IDENTIFIER = danyxxx.BooksApp;
				PRODUCT_NAME = "$(TARGET_NAME)";
				SWIFT_EMIT_LOC_STRINGS = YES;
				SWIFT_VERSION = 5.0;
				TARGETED_DEVICE_FAMILY = 2;
			};
			name = Release;
		};
/* End XCBuildConfiguration section */

/* Begin XCConfigurationList section */
		1FDE43E1284C08BF009C7E55 /* Build configuration list for PBXProject "BooksApp" */ = {
			isa = XCConfigurationList;
			buildConfigurations = (
				1FDE43F8284C08E2009C7E55 /* Debug */,
				1FDE43F9284C08E2009C7E55 /* Release */,
			);
			defaultConfigurationIsVisible = 0;
			defaultConfigurationName = Release;
		};
		1FDE43FA284C08E2009C7E55 /* Build configuration list for PBXNativeTarget "BooksApp" */ = {
			isa = XCConfigurationList;
			buildConfigurations = (
				1FDE43FB284C08E2009C7E55 /* Debug */,
				1FDE43FC284C08E2009C7E55 /* Release */,
			);
			defaultConfigurationIsVisible = 0;
			defaultConfigurationName = Release;
		};
/* End XCConfigurationList section */
	};
	rootObject = 1FDE43DE284C08BF009C7E55 /* Project object */;
}
